// !$*UTF8*$!
{
	archiveVersion = 1;
	classes = {
	};
	objectVersion = 51;
	objects = {

/* Begin PBXBuildFile section */
		1918229D9363DCF31248C753 /* Pods_SpringAnimationApp.framework in Frameworks */ = {isa = PBXBuildFile; fileRef = 39FDB39362F77A3918D5F825 /* Pods_SpringAnimationApp.framework */; };
		2C357A1326FA601600B9F882 /* AppDelegate.swift in Sources */ = {isa = PBXBuildFile; fileRef = 2C357A1226FA601600B9F882 /* AppDelegate.swift */; };
		2C357A1526FA601600B9F882 /* SceneDelegate.swift in Sources */ = {isa = PBXBuildFile; fileRef = 2C357A1426FA601600B9F882 /* SceneDelegate.swift */; };
		2C357A1726FA601600B9F882 /* AnimationViewController.swift in Sources */ = {isa = PBXBuildFile; fileRef = 2C357A1626FA601600B9F882 /* AnimationViewController.swift */; };
		2C357A1A26FA601600B9F882 /* Main.storyboard in Resources */ = {isa = PBXBuildFile; fileRef = 2C357A1826FA601600B9F882 /* Main.storyboard */; };
		2C357A1C26FA601700B9F882 /* Assets.xcassets in Resources */ = {isa = PBXBuildFile; fileRef = 2C357A1B26FA601700B9F882 /* Assets.xcassets */; };
		2C357A1F26FA601700B9F882 /* LaunchScreen.storyboard in Resources */ = {isa = PBXBuildFile; fileRef = 2C357A1D26FA601700B9F882 /* LaunchScreen.storyboard */; };
		2C3CD94D26FA7EAD00419EA1 /* Animation.swift in Sources */ = {isa = PBXBuildFile; fileRef = 2C3CD94C26FA7EAD00419EA1 /* Animation.swift */; };
/* End PBXBuildFile section */

/* Begin PBXFileReference section */
		2C357A0F26FA601600B9F882 /* SpringAnimationApp.app */ = {isa = PBXFileReference; explicitFileType = wrapper.application; includeInIndex = 0; path = SpringAnimationApp.app; sourceTree = BUILT_PRODUCTS_DIR; };
		2C357A1226FA601600B9F882 /* AppDelegate.swift */ = {isa = PBXFileReference; lastKnownFileType = sourcecode.swift; path = AppDelegate.swift; sourceTree = "<group>"; };
		2C357A1426FA601600B9F882 /* SceneDelegate.swift */ = {isa = PBXFileReference; lastKnownFileType = sourcecode.swift; path = SceneDelegate.swift; sourceTree = "<group>"; };
		2C357A1626FA601600B9F882 /* AnimationViewController.swift */ = {isa = PBXFileReference; lastKnownFileType = sourcecode.swift; path = AnimationViewController.swift; sourceTree = "<group>"; };
		2C357A1926FA601600B9F882 /* Base */ = {isa = PBXFileReference; lastKnownFileType = file.storyboard; name = Base; path = Base.lproj/Main.storyboard; sourceTree = "<group>"; };
		2C357A1B26FA601700B9F882 /* Assets.xcassets */ = {isa = PBXFileReference; lastKnownFileType = folder.assetcatalog; path = Assets.xcassets; sourceTree = "<group>"; };
		2C357A1E26FA601700B9F882 /* Base */ = {isa = PBXFileReference; lastKnownFileType = file.storyboard; name = Base; path = Base.lproj/LaunchScreen.storyboard; sourceTree = "<group>"; };
		2C357A2026FA601700B9F882 /* Info.plist */ = {isa = PBXFileReference; lastKnownFileType = text.plist.xml; path = Info.plist; sourceTree = "<group>"; };
		2C3CD94C26FA7EAD00419EA1 /* Animation.swift */ = {isa = PBXFileReference; lastKnownFileType = sourcecode.swift; path = Animation.swift; sourceTree = "<group>"; };
		307F51233B4094427223313E /* Pods-SpringAnimationApp.debug.xcconfig */ = {isa = PBXFileReference; includeInIndex = 1; lastKnownFileType = text.xcconfig; name = "Pods-SpringAnimationApp.debug.xcconfig"; path = "Target Support Files/Pods-SpringAnimationApp/Pods-SpringAnimationApp.debug.xcconfig"; sourceTree = "<group>"; };
		39FDB39362F77A3918D5F825 /* Pods_SpringAnimationApp.framework */ = {isa = PBXFileReference; explicitFileType = wrapper.framework; includeInIndex = 0; path = Pods_SpringAnimationApp.framework; sourceTree = BUILT_PRODUCTS_DIR; };
		4ADABE2139792DA0CAD24B83 /* Pods-SpringAnimationApp.release.xcconfig */ = {isa = PBXFileReference; includeInIndex = 1; lastKnownFileType = text.xcconfig; name = "Pods-SpringAnimationApp.release.xcconfig"; path = "Target Support Files/Pods-SpringAnimationApp/Pods-SpringAnimationApp.release.xcconfig"; sourceTree = "<group>"; };
/* End PBXFileReference section */

/* Begin PBXFrameworksBuildPhase section */
		2C357A0C26FA601600B9F882 /* Frameworks */ = {
			isa = PBXFrameworksBuildPhase;
			buildActionMask = 2147483647;
			files = (
				1918229D9363DCF31248C753 /* Pods_SpringAnimationApp.framework in Frameworks */,
			);
			runOnlyForDeploymentPostprocessing = 0;
		};
/* End PBXFrameworksBuildPhase section */

/* Begin PBXGroup section */
		0D4287DF562C67B137257ADE /* Pods */ = {
			isa = PBXGroup;
			children = (
				307F51233B4094427223313E /* Pods-SpringAnimationApp.debug.xcconfig */,
				4ADABE2139792DA0CAD24B83 /* Pods-SpringAnimationApp.release.xcconfig */,
			);
			path = Pods;
			sourceTree = "<group>";
		};
		2C357A0626FA601600B9F882 = {
			isa = PBXGroup;
			children = (
				2C357A1126FA601600B9F882 /* SpringAnimationApp */,
				2C357A1026FA601600B9F882 /* Products */,
				0D4287DF562C67B137257ADE /* Pods */,
				BEA008367E87235CEB5B1D3D /* Frameworks */,
			);
			sourceTree = "<group>";
		};
		2C357A1026FA601600B9F882 /* Products */ = {
			isa = PBXGroup;
			children = (
				2C357A0F26FA601600B9F882 /* SpringAnimationApp.app */,
			);
			name = Products;
			sourceTree = "<group>";
		};
		2C357A1126FA601600B9F882 /* SpringAnimationApp */ = {
			isa = PBXGroup;
			children = (
				2C357A2726FA604100B9F882 /* ViewControllers */,
				2C357A2626FA603200B9F882 /* Storyboards */,
				2C357A2A26FA60B100B9F882 /* Model */,
				2C357A2826FA606100B9F882 /* Sources */,
				2C357A2926FA608200B9F882 /* App */,
			);
			path = SpringAnimationApp;
			sourceTree = "<group>";
		};
		2C357A2626FA603200B9F882 /* Storyboards */ = {
			isa = PBXGroup;
			children = (
				2C357A1D26FA601700B9F882 /* LaunchScreen.storyboard */,
				2C357A1826FA601600B9F882 /* Main.storyboard */,
			);
			path = Storyboards;
			sourceTree = "<group>";
		};
		2C357A2726FA604100B9F882 /* ViewControllers */ = {
			isa = PBXGroup;
			children = (
				2C357A1626FA601600B9F882 /* AnimationViewController.swift */,
			);
			path = ViewControllers;
			sourceTree = "<group>";
		};
		2C357A2826FA606100B9F882 /* Sources */ = {
			isa = PBXGroup;
			children = (
				2C357A1B26FA601700B9F882 /* Assets.xcassets */,
			);
			path = Sources;
			sourceTree = "<group>";
		};
		2C357A2926FA608200B9F882 /* App */ = {
			isa = PBXGroup;
			children = (
				2C357A1226FA601600B9F882 /* AppDelegate.swift */,
				2C357A1426FA601600B9F882 /* SceneDelegate.swift */,
				2C357A2026FA601700B9F882 /* Info.plist */,
			);
			path = App;
			sourceTree = "<group>";
		};
		2C357A2A26FA60B100B9F882 /* Model */ = {
			isa = PBXGroup;
			children = (
				2C3CD94C26FA7EAD00419EA1 /* Animation.swift */,
			);
			path = Model;
			sourceTree = "<group>";
		};
		BEA008367E87235CEB5B1D3D /* Frameworks */ = {
			isa = PBXGroup;
			children = (
				39FDB39362F77A3918D5F825 /* Pods_SpringAnimationApp.framework */,
			);
			name = Frameworks;
			sourceTree = "<group>";
		};
/* End PBXGroup section */

/* Begin PBXNativeTarget section */
		2C357A0E26FA601600B9F882 /* SpringAnimationApp */ = {
			isa = PBXNativeTarget;
			buildConfigurationList = 2C357A2326FA601700B9F882 /* Build configuration list for PBXNativeTarget "SpringAnimationApp" */;
			buildPhases = (
				FBB1B16FEC91A0E8A24ECE69 /* [CP] Check Pods Manifest.lock */,
				2C357A0B26FA601600B9F882 /* Sources */,
				2C357A0C26FA601600B9F882 /* Frameworks */,
				2C357A0D26FA601600B9F882 /* Resources */,
				45A9CC41FF3598FE1B2B92B2 /* [CP] Embed Pods Frameworks */,
			);
			buildRules = (
			);
			dependencies = (
			);
			name = SpringAnimationApp;
			productName = SpringAnimationApp;
			productReference = 2C357A0F26FA601600B9F882 /* SpringAnimationApp.app */;
			productType = "com.apple.product-type.application";
		};
/* End PBXNativeTarget section */

/* Begin PBXProject section */
		2C357A0726FA601600B9F882 /* Project object */ = {
			isa = PBXProject;
			attributes = {
				LastSwiftUpdateCheck = 1250;
				LastUpgradeCheck = 1250;
				TargetAttributes = {
					2C357A0E26FA601600B9F882 = {
						CreatedOnToolsVersion = 12.5.1;
					};
				};
			};
			buildConfigurationList = 2C357A0A26FA601600B9F882 /* Build configuration list for PBXProject "SpringAnimationApp" */;
			compatibilityVersion = "Xcode 9.3";
			developmentRegion = en;
			hasScannedForEncodings = 0;
			knownRegions = (
				en,
				Base,
			);
			mainGroup = 2C357A0626FA601600B9F882;
			productRefGroup = 2C357A1026FA601600B9F882 /* Products */;
			projectDirPath = "";
			projectRoot = "";
			targets = (
				2C357A0E26FA601600B9F882 /* SpringAnimationApp */,
			);
		};
/* End PBXProject section */

/* Begin PBXResourcesBuildPhase section */
		2C357A0D26FA601600B9F882 /* Resources */ = {
			isa = PBXResourcesBuildPhase;
			buildActionMask = 2147483647;
			files = (
				2C357A1F26FA601700B9F882 /* LaunchScreen.storyboard in Resources */,
				2C357A1C26FA601700B9F882 /* Assets.xcassets in Resources */,
				2C357A1A26FA601600B9F882 /* Main.storyboard in Resources */,
			);
			runOnlyForDeploymentPostprocessing = 0;
		};
/* End PBXResourcesBuildPhase section */

/* Begin PBXShellScriptBuildPhase section */
		45A9CC41FF3598FE1B2B92B2 /* [CP] Embed Pods Frameworks */ = {
			isa = PBXShellScriptBuildPhase;
			buildActionMask = 2147483647;
			files = (
			);
			inputFileListPaths = (
				"${PODS_ROOT}/Target Support Files/Pods-SpringAnimationApp/Pods-SpringAnimationApp-frameworks-${CONFIGURATION}-input-files.xcfilelist",
			);
			name = "[CP] Embed Pods Frameworks";
			outputFileListPaths = (
				"${PODS_ROOT}/Target Support Files/Pods-SpringAnimationApp/Pods-SpringAnimationApp-frameworks-${CONFIGURATION}-output-files.xcfilelist",
			);
			runOnlyForDeploymentPostprocessing = 0;
			shellPath = /bin/sh;
			shellScript = "\"${PODS_ROOT}/Target Support Files/Pods-SpringAnimationApp/Pods-SpringAnimationApp-frameworks.sh\"\n";
			showEnvVarsInLog = 0;
		};
		FBB1B16FEC91A0E8A24ECE69 /* [CP] Check Pods Manifest.lock */ = {
			isa = PBXShellScriptBuildPhase;
			buildActionMask = 2147483647;
			files = (
			);
			inputFileListPaths = (
			);
			inputPaths = (
				"${PODS_PODFILE_DIR_PATH}/Podfile.lock",
				"${PODS_ROOT}/Manifest.lock",
			);
			name = "[CP] Check Pods Manifest.lock";
			outputFileListPaths = (
			);
			outputPaths = (
				"$(DERIVED_FILE_DIR)/Pods-SpringAnimationApp-checkManifestLockResult.txt",
			);
			runOnlyForDeploymentPostprocessing = 0;
			shellPath = /bin/sh;
			shellScript = "diff \"${PODS_PODFILE_DIR_PATH}/Podfile.lock\" \"${PODS_ROOT}/Manifest.lock\" > /dev/null\nif [ $? != 0 ] ; then\n    # print error to STDERR\n    echo \"error: The sandbox is not in sync with the Podfile.lock. Run 'pod install' or update your CocoaPods installation.\" >&2\n    exit 1\nfi\n# This output is used by Xcode 'outputs' to avoid re-running this script phase.\necho \"SUCCESS\" > \"${SCRIPT_OUTPUT_FILE_0}\"\n";
			showEnvVarsInLog = 0;
		};
/* End PBXShellScriptBuildPhase section */

/* Begin PBXSourcesBuildPhase section */
		2C357A0B26FA601600B9F882 /* Sources */ = {
			isa = PBXSourcesBuildPhase;
			buildActionMask = 2147483647;
			files = (
				2C357A1726FA601600B9F882 /* AnimationViewController.swift in Sources */,
				2C357A1326FA601600B9F882 /* AppDelegate.swift in Sources */,
				2C3CD94D26FA7EAD00419EA1 /* Animation.swift in Sources */,
				2C357A1526FA601600B9F882 /* SceneDelegate.swift in Sources */,
			);
			runOnlyForDeploymentPostprocessing = 0;
		};
/* End PBXSourcesBuildPhase section */

/* Begin PBXVariantGroup section */
		2C357A1826FA601600B9F882 /* Main.storyboard */ = {
			isa = PBXVariantGroup;
			children = (
				2C357A1926FA601600B9F882 /* Base */,
			);
			name = Main.storyboard;
			sourceTree = "<group>";
		};
		2C357A1D26FA601700B9F882 /* LaunchScreen.storyboard */ = {
			isa = PBXVariantGroup;
			children = (
				2C357A1E26FA601700B9F882 /* Base */,
			);
			name = LaunchScreen.storyboard;
			sourceTree = "<group>";
		};
/* End PBXVariantGroup section */

/* Begin XCBuildConfiguration section */
		2C357A2126FA601700B9F882 /* Debug */ = {
			isa = XCBuildConfiguration;
			buildSettings = {
				ALWAYS_SEARCH_USER_PATHS = NO;
				CLANG_ANALYZER_NONNULL = YES;
				CLANG_ANALYZER_NUMBER_OBJECT_CONVERSION = YES_AGGRESSIVE;
				CLANG_CXX_LANGUAGE_STANDARD = "gnu++14";
				CLANG_CXX_LIBRARY = "libc++";
				CLANG_ENABLE_MODULES = YES;
				CLANG_ENABLE_OBJC_ARC = YES;
				CLANG_ENABLE_OBJC_WEAK = YES;
				CLANG_WARN_BLOCK_CAPTURE_AUTORELEASING = YES;
				CLANG_WARN_BOOL_CONVERSION = YES;
				CLANG_WARN_COMMA = YES;
				CLANG_WARN_CONSTANT_CONVERSION = YES;
				CLANG_WARN_DEPRECATED_OBJC_IMPLEMENTATIONS = YES;
				CLANG_WARN_DIRECT_OBJC_ISA_USAGE = YES_ERROR;
				CLANG_WARN_DOCUMENTATION_COMMENTS = YES;
				CLANG_WARN_EMPTY_BODY = YES;
				CLANG_WARN_ENUM_CONVERSION = YES;
				CLANG_WARN_INFINITE_RECURSION = YES;
				CLANG_WARN_INT_CONVERSION = YES;
				CLANG_WARN_NON_LITERAL_NULL_CONVERSION = YES;
				CLANG_WARN_OBJC_IMPLICIT_RETAIN_SELF = YES;
				CLANG_WARN_OBJC_LITERAL_CONVERSION = YES;
				CLANG_WARN_OBJC_ROOT_CLASS = YES_ERROR;
				CLANG_WARN_QUOTED_INCLUDE_IN_FRAMEWORK_HEADER = YES;
				CLANG_WARN_RANGE_LOOP_ANALYSIS = YES;
				CLANG_WARN_STRICT_PROTOTYPES = YES;
				CLANG_WARN_SUSPICIOUS_MOVE = YES;
				CLANG_WARN_UNGUARDED_AVAILABILITY = YES_AGGRESSIVE;
				CLANG_WARN_UNREACHABLE_CODE = YES;
				CLANG_WARN__DUPLICATE_METHOD_MATCH = YES;
				COPY_PHASE_STRIP = NO;
				DEBUG_INFORMATION_FORMAT = dwarf;
				ENABLE_STRICT_OBJC_MSGSEND = YES;
				ENABLE_TESTABILITY = YES;
				GCC_C_LANGUAGE_STANDARD = gnu11;
				GCC_DYNAMIC_NO_PIC = NO;
				GCC_NO_COMMON_BLOCKS = YES;
				GCC_OPTIMIZATION_LEVEL = 0;
				GCC_PREPROCESSOR_DEFINITIONS = (
					"DEBUG=1",
					"$(inherited)",
				);
				GCC_WARN_64_TO_32_BIT_CONVERSION = YES;
				GCC_WARN_ABOUT_RETURN_TYPE = YES_ERROR;
				GCC_WARN_UNDECLARED_SELECTOR = YES;
				GCC_WARN_UNINITIALIZED_AUTOS = YES_AGGRESSIVE;
				GCC_WARN_UNUSED_FUNCTION = YES;
				GCC_WARN_UNUSED_VARIABLE = YES;
				IPHONEOS_DEPLOYMENT_TARGET = 14.5;
				MTL_ENABLE_DEBUG_INFO = INCLUDE_SOURCE;
				MTL_FAST_MATH = YES;
				ONLY_ACTIVE_ARCH = YES;
				SDKROOT = iphoneos;
				SWIFT_ACTIVE_COMPILATION_CONDITIONS = DEBUG;
				SWIFT_OPTIMIZATION_LEVEL = "-Onone";
			};
			name = Debug;
		};
		2C357A2226FA601700B9F882 /* Release */ = {
			isa = XCBuildConfiguration;
			buildSettings = {
				ALWAYS_SEARCH_USER_PATHS = NO;
				CLANG_ANALYZER_NONNULL = YES;
				CLANG_ANALYZER_NUMBER_OBJECT_CONVERSION = YES_AGGRESSIVE;
				CLANG_CXX_LANGUAGE_STANDARD = "gnu++14";
				CLANG_CXX_LIBRARY = "libc++";
				CLANG_ENABLE_MODULES = YES;
				CLANG_ENABLE_OBJC_ARC = YES;
				CLANG_ENABLE_OBJC_WEAK = YES;
				CLANG_WARN_BLOCK_CAPTURE_AUTORELEASING = YES;
				CLANG_WARN_BOOL_CONVERSION = YES;
				CLANG_WARN_COMMA = YES;
				CLANG_WARN_CONSTANT_CONVERSION = YES;
				CLANG_WARN_DEPRECATED_OBJC_IMPLEMENTATIONS = YES;
				CLANG_WARN_DIRECT_OBJC_ISA_USAGE = YES_ERROR;
				CLANG_WARN_DOCUMENTATION_COMMENTS = YES;
				CLANG_WARN_EMPTY_BODY = YES;
				CLANG_WARN_ENUM_CONVERSION = YES;
				CLANG_WARN_INFINITE_RECURSION = YES;
				CLANG_WARN_INT_CONVERSION = YES;
				CLANG_WARN_NON_LITERAL_NULL_CONVERSION = YES;
				CLANG_WARN_OBJC_IMPLICIT_RETAIN_SELF = YES;
				CLANG_WARN_OBJC_LITERAL_CONVERSION = YES;
				CLANG_WARN_OBJC_ROOT_CLASS = YES_ERROR;
				CLANG_WARN_QUOTED_INCLUDE_IN_FRAMEWORK_HEADER = YES;
				CLANG_WARN_RANGE_LOOP_ANALYSIS = YES;
				CLANG_WARN_STRICT_PROTOTYPES = YES;
				CLANG_WARN_SUSPICIOUS_MOVE = YES;
				CLANG_WARN_UNGUARDED_AVAILABILITY = YES_AGGRESSIVE;
				CLANG_WARN_UNREACHABLE_CODE = YES;
				CLANG_WARN__DUPLICATE_METHOD_MATCH = YES;
				COPY_PHASE_STRIP = NO;
				DEBUG_INFORMATION_FORMAT = "dwarf-with-dsym";
				ENABLE_NS_ASSERTIONS = NO;
				ENABLE_STRICT_OBJC_MSGSEND = YES;
				GCC_C_LANGUAGE_STANDARD = gnu11;
				GCC_NO_COMMON_BLOCKS = YES;
				GCC_WARN_64_TO_32_BIT_CONVERSION = YES;
				GCC_WARN_ABOUT_RETURN_TYPE = YES_ERROR;
				GCC_WARN_UNDECLARED_SELECTOR = YES;
				GCC_WARN_UNINITIALIZED_AUTOS = YES_AGGRESSIVE;
				GCC_WARN_UNUSED_FUNCTION = YES;
				GCC_WARN_UNUSED_VARIABLE = YES;
				IPHONEOS_DEPLOYMENT_TARGET = 14.5;
				MTL_ENABLE_DEBUG_INFO = NO;
				MTL_FAST_MATH = YES;
				SDKROOT = iphoneos;
				SWIFT_COMPILATION_MODE = wholemodule;
				SWIFT_OPTIMIZATION_LEVEL = "-O";
				VALIDATE_PRODUCT = YES;
			};
			name = Release;
		};
		2C357A2426FA601700B9F882 /* Debug */ = {
			isa = XCBuildConfiguration;
			baseConfigurationReference = 307F51233B4094427223313E /* Pods-SpringAnimationApp.debug.xcconfig */;
			buildSettings = {
				ASSETCATALOG_COMPILER_APPICON_NAME = AppIcon;
				ASSETCATALOG_COMPILER_GLOBAL_ACCENT_COLOR_NAME = AccentColor;
				CODE_SIGN_STYLE = Automatic;
				DEVELOPMENT_TEAM = PD89P3WJFF;
				INFOPLIST_FILE = SpringAnimationApp/App/Info.plist;
				LD_RUNPATH_SEARCH_PATHS = (
					"$(inherited)",
					"@executable_path/Frameworks",
				);
				PRODUCT_BUNDLE_IDENTIFIER = ru.olegLysenko.SpringAnimationApp;
				PRODUCT_NAME = "$(TARGET_NAME)";
				SWIFT_VERSION = 5.0;
				TARGETED_DEVICE_FAMILY = 1;
			};
			name = Debug;
		};
		2C357A2526FA601700B9F882 /* Release */ = {
			isa = XCBuildConfiguration;
			baseConfigurationReference = 4ADABE2139792DA0CAD24B83 /* Pods-SpringAnimationApp.release.xcconfig */;
			buildSettings = {
				ASSETCATALOG_COMPILER_APPICON_NAME = AppIcon;
				ASSETCATALOG_COMPILER_GLOBAL_ACCENT_COLOR_NAME = AccentColor;
				CODE_SIGN_STYLE = Automatic;
				DEVELOPMENT_TEAM = PD89P3WJFF;
				INFOPLIST_FILE = SpringAnimationApp/App/Info.plist;
				LD_RUNPATH_SEARCH_PATHS = (
					"$(inherited)",
					"@executable_path/Frameworks",
				);
				PRODUCT_BUNDLE_IDENTIFIER = ru.olegLysenko.SpringAnimationApp;
				PRODUCT_NAME = "$(TARGET_NAME)";
				SWIFT_VERSION = 5.0;
				TARGETED_DEVICE_FAMILY = 1;
			};
			name = Release;
		};
/* End XCBuildConfiguration section */

/* Begin XCConfigurationList section */
		2C357A0A26FA601600B9F882 /* Build configuration list for PBXProject "SpringAnimationApp" */ = {
			isa = XCConfigurationList;
			buildConfigurations = (
				2C357A2126FA601700B9F882 /* Debug */,
				2C357A2226FA601700B9F882 /* Release */,
			);
			defaultConfigurationIsVisible = 0;
			defaultConfigurationName = Release;
		};
		2C357A2326FA601700B9F882 /* Build configuration list for PBXNativeTarget "SpringAnimationApp" */ = {
			isa = XCConfigurationList;
			buildConfigurations = (
				2C357A2426FA601700B9F882 /* Debug */,
				2C357A2526FA601700B9F882 /* Release */,
			);
			defaultConfigurationIsVisible = 0;
			defaultConfigurationName = Release;
		};
/* End XCConfigurationList section */
	};
	rootObject = 2C357A0726FA601600B9F882 /* Project object */;
}
